
Microsoft Visual Studio Solution File, Format Version 12.00
# Visual Studio Version 17
VisualStudioVersion = 17.9.34701.34
MinimumVisualStudioVersion = 10.0.40219.1
Project("{FAE04EC0-301F-11D3-BF4B-00C04F79EFBC}") = "UjianAkhirSemesterGenap", "UjianAkhirSemesterGenap\UjianAkhirSemesterGenap.csproj", "{2F310C25-475E-420F-8AFE-549EC3353119}"
EndProject
Global
	GlobalSection(SolutionConfigurationPlatforms) = preSolution
		Debug|Any CPU = Debug|Any CPU
		Release|Any CPU = Release|Any CPU
	EndGlobalSection
	GlobalSection(ProjectConfigurationPlatforms) = postSolution
		{2F310C25-475E-420F-8AFE-549EC3353119}.Debug|Any CPU.ActiveCfg = Debug|Any CPU
		{2F310C25-475E-420F-8AFE-549EC3353119}.Debug|Any CPU.Build.0 = Debug|Any CPU
		{2F310C25-475E-420F-8AFE-549EC3353119}.Release|Any CPU.ActiveCfg = Release|Any CPU
		{2F310C25-475E-420F-8AFE-549EC3353119}.Release|Any CPU.Build.0 = Release|Any CPU
	EndGlobalSection
	GlobalSection(SolutionProperties) = preSolution
		HideSolutionNode = FALSE
	EndGlobalSection
	GlobalSection(ExtensibilityGlobals) = postSolution
		SolutionGuid = {C77C622A-7782-4336-8A1E-CC34D336C834}
	EndGlobalSection
EndGlobal
